
Microsoft Visual Studio Solution File, Format Version 12.00
# Visual Studio 14
VisualStudioVersion = 14.0.25420.1
MinimumVisualStudioVersion = 10.0.40219.1
Project("{FAE04EC0-301F-11D3-BF4B-00C04F79EFBC}") = "Launcher", "Launcher\Launcher.csproj", "{AF05F79E-47B0-4281-9F2C-D1BD0B65FBC8}"
EndProject
Project("{FAE04EC0-301F-11D3-BF4B-00C04F79EFBC}") = "Calculate", "Calculate\Calculate.csproj", "{C6A838F5-1317-4685-A45C-9FA7921A8E11}"
EndProject
Global
	GlobalSection(SolutionConfigurationPlatforms) = preSolution
		Debug|Any CPU = Debug|Any CPU
		Release|Any CPU = Release|Any CPU
	EndGlobalSection
	GlobalSection(ProjectConfigurationPlatforms) = postSolution
		{AF05F79E-47B0-4281-9F2C-D1BD0B65FBC8}.Debug|Any CPU.ActiveCfg = Debug|Any CPU
		{AF05F79E-47B0-4281-9F2C-D1BD0B65FBC8}.Debug|Any CPU.Build.0 = Debug|Any CPU
		{AF05F79E-47B0-4281-9F2C-D1BD0B65FBC8}.Release|Any CPU.ActiveCfg = Release|Any CPU
		{AF05F79E-47B0-4281-9F2C-D1BD0B65FBC8}.Release|Any CPU.Build.0 = Release|Any CPU
		{C6A838F5-1317-4685-A45C-9FA7921A8E11}.Debug|Any CPU.ActiveCfg = Debug|Any CPU
		{C6A838F5-1317-4685-A45C-9FA7921A8E11}.Debug|Any CPU.Build.0 = Debug|Any CPU
		{C6A838F5-1317-4685-A45C-9FA7921A8E11}.Release|Any CPU.ActiveCfg = Release|Any CPU
		{C6A838F5-1317-4685-A45C-9FA7921A8E11}.Release|Any CPU.Build.0 = Release|Any CPU
	EndGlobalSection
	GlobalSection(SolutionProperties) = preSolution
		HideSolutionNode = FALSE
	EndGlobalSection
EndGlobal
